{
    "_meta": {
        "hash": {
            "sha256": "ae0d3616cf3557071d0bbb1576d68d98a5173c52e1641fc32571b536c2bfd43a"
        },
        "pipfile-spec": 6,
        "requires": {
            "python_version": "3.7"
        },
        "sources": [
            {
                "name": "pypi",
                "url": "https://pypi.org/simple",
                "verify_ssl": true
            }
        ]
    },
    "default": {
        "apipkg": {
            "hashes": [
                "sha256:37228cda29411948b422fae072f57e31d3396d2ee1c9783775980ee9c9990af6",
                "sha256:58587dd4dc3daefad0487f6d9ae32b4542b185e1c36db6993290e7c41ca2b47c"
            ],
            "version": "==1.5"
        },
        "attrs": {
            "hashes": [
                "sha256:08a96c641c3a74e44eb59afb61a24f2cb9f4d7188748e76ba4bb5edfa3cb7d1c",
                "sha256:f7b7ce16570fe9965acd6d30101a28f62fb4a7f9e926b3bbc9b61f8b04247e72"
            ],
            "version": "==19.3.0"
        },
        "execnet": {
            "hashes": [
                "sha256:cacb9df31c9680ec5f95553976c4da484d407e85e41c83cb812aa014f0eddc50",
                "sha256:d4efd397930c46415f62f8a31388d6be4f27a91d7550eb79bc64a756e0056547"
            ],
            "version": "==1.7.1"
        },
        "importlib-metadata": {
            "hashes": [
                "sha256:06f5b3a99029c7134207dd882428a66992a9de2bef7c2b699b5641f9886c3302",
                "sha256:b97607a1a18a5100839aec1dc26a1ea17ee0d93b20b0f008d80a5a050afb200b"
            ],
            "markers": "python_version < '3.8'",
            "version": "==1.5.0"
        },
        "more-itertools": {
            "hashes": [
                "sha256:5dd8bcf33e5f9513ffa06d5ad33d78f31e1931ac9a18f33d37e77a180d393a7c",
                "sha256:b1ddb932186d8a6ac451e1d95844b382f55e12686d51ca0c68b6f61f2ab7a507"
            ],
            "version": "==8.2.0"
        },
        "packaging": {
            "hashes": [
                "sha256:3c292b474fda1671ec57d46d739d072bfd495a4f51ad01a055121d81e952b7a3",
                "sha256:82f77b9bee21c1bafbf35a84905d604d5d1223801d639cf3ed140bd651c08752"
            ],
            "version": "==20.3"
        },
        "pluggy": {
            "hashes": [
                "sha256:15b2acde666561e1298d71b523007ed7364de07029219b604cf808bfa1c765b0",
                "sha256:966c145cd83c96502c3c3868f50408687b38434af77734af1e9ca461a4081d2d"
            ],
            "version": "==0.13.1"
        },
        "py": {
            "hashes": [
                "sha256:5e27081401262157467ad6e7f851b7aa402c5852dbcb3dae06768434de5752aa",
                "sha256:c20fdd83a5dbc0af9efd622bee9a5564e278f6380fffcacc43ba6f43db2813b0"
            ],
            "version": "==1.8.1"
        },
        "pydantic": {
            "hashes": [
                "sha256:012c422859bac2e03ab3151ea6624fecf0e249486be7eb8c6ee69c91740c6752",
                "sha256:07911aab70f3bc52bb845ce1748569c5e70478ac977e106a150dd9d0465ebf04",
                "sha256:47b8db7024ba3d46c3d4768535e1cf87b6c8cf92ccd81e76f4e1cb8ee47688b3",
                "sha256:50e4e948892a6815649ad5a9a9379ad1e5f090f17842ac206535dfaed75c6f2f",
                "sha256:51f11c8bbf794a68086540da099aae4a9107447c7a9d63151edbb7d50110cf21",
                "sha256:6100d7862371115c40be55cc4b8d766a74b1d0dbaf99dbfe72bb4bac0faf89ed",
                "sha256:61d22d36808087d3184ed6ac0d91dd71c533b66addb02e4a9930e1e30833202f",
                "sha256:72184c1421103cca128300120f8f1185fb42a9ea73a1c9845b1c53db8c026a7d",
                "sha256:831a0265a9e3933b3d0f04d1a81bba543bafbe4119c183ff2771871db70524ab",
                "sha256:8848b4eb458469739126e4c1a202d723dd092e087f8dbe3104371335f87ba5df",
                "sha256:bbbed364376f4a0aebb9ea452ff7968b306499a9e74f4db69b28ff2cd4043a11",
                "sha256:e27559cedbd7f59d2375bfd6eea29a330ea1a5b0589c34d6b4e0d7bec6027bbf",
                "sha256:f17ec336e64d4583311249fb179528e9a2c27c8a2eaf590ec6ec2c6dece7cb3f",
                "sha256:f863456d3d4bf817f2e5248553dee3974c5dc796f48e6ddb599383570f4215ac"
            ],
            "index": "pypi",
            "version": "==1.4"
        },
        "pyparsing": {
            "hashes": [
                "sha256:4c830582a84fb022400b85429791bc551f1f4871c33f23e44f353119e92f969f",
                "sha256:c342dccb5250c08d45fd6f8b4a559613ca603b57498511740e65cd11a2e7dcec"
            ],
            "version": "==2.4.6"
        },
        "pytest": {
            "hashes": [
                "sha256:0d5fe9189a148acc3c3eb2ac8e1ac0742cb7618c084f3d228baaec0c254b318d",
                "sha256:ff615c761e25eb25df19edddc0b970302d2a9091fbce0e7213298d85fb61fef6"
            ],
            "index": "pypi",
            "version": "==5.3.5"
        },
        "pytest-forked": {
            "hashes": [
                "sha256:1805699ed9c9e60cb7a8179b8d4fa2b8898098e82d229b0825d8095f0f261100",
                "sha256:1ae25dba8ee2e56fb47311c9638f9e58552691da87e82d25b0ce0e4bf52b7d87"
            ],
            "version": "==1.1.3"
        },
        "pytest-xdist": {
            "hashes": [
                "sha256:0f46020d3d9619e6d17a65b5b989c1ebbb58fc7b1da8fb126d70f4bac4dfeed1",
                "sha256:7dc0d027d258cd0defc618fb97055fbd1002735ca7a6d17037018cf870e24011"
            ],
            "index": "pypi",
            "version": "==1.31.0"
        },
        "selenium": {
            "hashes": [
                "sha256:2d7131d7bc5a5b99a2d9b04aaf2612c411b03b8ca1b1ee8d3de5845a9be2cb3c",
                "sha256:deaf32b60ad91a4611b98d8002757f29e6f2c2d5fcaf202e1c9ad06d6772300d"
            ],
            "index": "pypi",
            "version": "==3.141.0"
        },
        "six": {
            "hashes": [
                "sha256:236bdbdce46e6e6a3d61a337c0f8b763ca1e8717c03b369e87a7ec7ce1319c0a",
                "sha256:8f3cd2e254d8f793e7f3d6d9df77b92252b52637291d0f0da013c76ea2724b6c"
            ],
            "version": "==1.14.0"
        },
        "urllib3": {
            "hashes": [
                "sha256:2f3db8b19923a873b3e5256dc9c2dedfa883e33d87c690d9c7913e1f40673cdc",
                "sha256:87716c2d2a7121198ebcb7ce7cccf6ce5e9ba539041cfbaeecfb641dc0bf6acc"
            ],
            "version": "==1.25.8"
        },
        "wcwidth": {
            "hashes": [
                "sha256:8fd29383f539be45b20bd4df0dc29c20ba48654a41e661925e612311e9f3c603",
                "sha256:f28b3e8a6483e5d49e7f8949ac1a78314e740333ae305b4ba5defd3e74fb37a8"
            ],
            "version": "==0.1.8"
        },
        "zipp": {
            "hashes": [
                "sha256:aa36550ff0c0b7ef7fa639055d797116ee891440eac1a56f378e2d3179e0320b",
                "sha256:c599e4d75c98f6798c509911d08a22e6c021d074469042177c8c86fb92eefd96"
            ],
            "version": "==3.1.0"
        }
    },
    "develop": {
        "autopep8": {
            "hashes": [
                "sha256:0f592a0447acea0c2b0a9602be1e4e3d86db52badd2e3c84f0193bfd89fd3a43"
            ],
            "index": "pypi",
            "version": "==1.5"
        },
        "pycodestyle": {
            "hashes": [
                "sha256:95a2219d12372f05704562a14ec30bc76b05a5b297b21a5dfe3f6fac3491ae56",
                "sha256:e40a936c9a450ad81df37f549d676d127b1b66000a6c500caa2b085bc0ca976c"
            ],
            "version": "==2.5.0"
        }
    }
}
